{
  "lockfileVersion": 1,
  "configVersion": 1,
  "workspaces": {
    "": {
      "name": "liba-nakama-module",
      "devDependencies": {
        "nakama-runtime": "github:heroiclabs/nakama-common#v1.45.0",
        "typescript": "^5.0.0",
      },
    },
  },
  "packages": {
    "nakama-runtime": ["nakama-runtime@github:heroiclabs/nakama-common#6ff2192", {}, "heroiclabs-nakama-common-6ff2192"],

    "typescript": ["typescript@5.9.3", "", { "bin": { "tsc": "bin/tsc", "tsserver": "bin/tsserver" } }, "sha512-jl1vZzPDinLr9eUt3J/t7V6FgNEw9QjvBPdysz9KfQDD41fQrC2Y4vKQdiaUpFT4bXlb1RHhLpp8wtm6M5TgSw=="],
  }
}
